<Solution>
  <Folder Name="/Solution Items/">
    <File Path="../.gitignore" />
    <File Path="../Get-Token.ps1" />
    <File Path="../README.md" />
  </Folder>
  <Project Path="Itenium.SkillForge.Entities/Itenium.SkillForge.Entities.csproj" />
  <Project Path="Itenium.SkillForge.Data/Itenium.SkillForge.Data.csproj" />
  <Project Path="Itenium.SkillForge.Services/Itenium.SkillForge.Services.csproj" />
  <Project Path="Itenium.SkillForge.WebApi/Itenium.SkillForge.WebApi.csproj" />
</Solution>
